
Microsoft Visual Studio Solution File, Format Version 12.00
# Visual Studio Version 17
VisualStudioVersion = 17.11.35222.181
MinimumVisualStudioVersion = 10.0.40219.1
Project("{F184B08F-C81C-45F6-A57F-5ABD9991F28F}") = "database_connection", "database_connection\database_connection.vbproj", "{D8F0C796-8BC2-48DA-BF9E-6FDFA8755FE5}"
EndProject
Global
	GlobalSection(SolutionConfigurationPlatforms) = preSolution
		Debug|Any CPU = Debug|Any CPU
		Release|Any CPU = Release|Any CPU
	EndGlobalSection
	GlobalSection(ProjectConfigurationPlatforms) = postSolution
		{D8F0C796-8BC2-48DA-BF9E-6FDFA8755FE5}.Debug|Any CPU.ActiveCfg = Debug|Any CPU
		{D8F0C796-8BC2-48DA-BF9E-6FDFA8755FE5}.Debug|Any CPU.Build.0 = Debug|Any CPU
		{D8F0C796-8BC2-48DA-BF9E-6FDFA8755FE5}.Release|Any CPU.ActiveCfg = Release|Any CPU
		{D8F0C796-8BC2-48DA-BF9E-6FDFA8755FE5}.Release|Any CPU.Build.0 = Release|Any CPU
	EndGlobalSection
	GlobalSection(SolutionProperties) = preSolution
		HideSolutionNode = FALSE
	EndGlobalSection
	GlobalSection(ExtensibilityGlobals) = postSolution
		SolutionGuid = {D70A266D-5B7C-440B-BBB4-BEFADD4678A6}
	EndGlobalSection
EndGlobal
